# @generated by Move, please check-in and do not edit manually.

[move]
version = 0

dependencies = [
  { name = "Sui" },
  { name = "pokemon" },
  { name = "suifrens" },
]

[[move.package]]
name = "MoveStdlib"
source = { git = "https://github.com/MystenLabs/sui.git", rev = "framework/testnet", subdir = "crates/sui-framework/packages/move-stdlib" }

[[move.package]]
name = "Sui"
source = { git = "https://github.com/MystenLabs/sui.git", rev = "framework/testnet", subdir = "crates/sui-framework/packages/sui-framework" }

dependencies = [
  { name = "MoveStdlib" },
]

[[move.package]]
name = "pokemon"
source = { local = "../pokemon" }

dependencies = [
  { name = "Sui" },
]

[[move.package]]
name = "suifrens"
source = { git = "https://github.com/MystenLabs/apps.git", rev = "testnet", subdir = "suifrens/suifrens" }

dependencies = [
  { name = "Sui" },
]
